
Microsoft Visual Studio Solution File, Format Version 12.00
# Visual Studio Version 17
VisualStudioVersion = 17.7.34031.279
MinimumVisualStudioVersion = 10.0.40219.1
Project("{FAE04EC0-301F-11D3-BF4B-00C04F79EFBC}") = "galetova_22106_prilojenie", "galetova_22106_prilojenie\galetova_22106_prilojenie.csproj", "{CDDC287A-5B11-4760-88CF-890DBE5D7873}"
EndProject
Global
	GlobalSection(SolutionConfigurationPlatforms) = preSolution
		Debug|Any CPU = Debug|Any CPU
		Release|Any CPU = Release|Any CPU
	EndGlobalSection
	GlobalSection(ProjectConfigurationPlatforms) = postSolution
		{CDDC287A-5B11-4760-88CF-890DBE5D7873}.Debug|Any CPU.ActiveCfg = Debug|Any CPU
		{CDDC287A-5B11-4760-88CF-890DBE5D7873}.Debug|Any CPU.Build.0 = Debug|Any CPU
		{CDDC287A-5B11-4760-88CF-890DBE5D7873}.Release|Any CPU.ActiveCfg = Release|Any CPU
		{CDDC287A-5B11-4760-88CF-890DBE5D7873}.Release|Any CPU.Build.0 = Release|Any CPU
	EndGlobalSection
	GlobalSection(SolutionProperties) = preSolution
		HideSolutionNode = FALSE
	EndGlobalSection
	GlobalSection(ExtensibilityGlobals) = postSolution
		SolutionGuid = {CCE8E484-6A4B-40D8-9242-D20FE248D774}
	EndGlobalSection
EndGlobal
